
Microsoft Visual Studio Solution File, Format Version 12.00
# Visual Studio Version 17
VisualStudioVersion = 17.8.34525.116
MinimumVisualStudioVersion = 10.0.40219.1
Project("{FAE04EC0-301F-11D3-BF4B-00C04F79EFBC}") = "AlgoritimoSalarioLiquido", "AlgoritimoSalarioLiquido\AlgoritimoSalarioLiquido.csproj", "{80671481-06EE-4482-AD77-05891C18C6A4}"
EndProject
Global
	GlobalSection(SolutionConfigurationPlatforms) = preSolution
		Debug|Any CPU = Debug|Any CPU
		Release|Any CPU = Release|Any CPU
	EndGlobalSection
	GlobalSection(ProjectConfigurationPlatforms) = postSolution
		{80671481-06EE-4482-AD77-05891C18C6A4}.Debug|Any CPU.ActiveCfg = Debug|Any CPU
		{80671481-06EE-4482-AD77-05891C18C6A4}.Debug|Any CPU.Build.0 = Debug|Any CPU
		{80671481-06EE-4482-AD77-05891C18C6A4}.Release|Any CPU.ActiveCfg = Release|Any CPU
		{80671481-06EE-4482-AD77-05891C18C6A4}.Release|Any CPU.Build.0 = Release|Any CPU
	EndGlobalSection
	GlobalSection(SolutionProperties) = preSolution
		HideSolutionNode = FALSE
	EndGlobalSection
	GlobalSection(ExtensibilityGlobals) = postSolution
		SolutionGuid = {45C47CC3-9836-435F-A474-0ACE69E7D220}
	EndGlobalSection
EndGlobal
